// !$*UTF8*$!
{
	archiveVersion = 1;
	classes = {
	};
	objectVersion = 56;
	objects = {

/* Begin PBXBuildFile section */
		A7DCD3B2290EFBBD0028DD3B /* main.cpp in Sources */ = {isa = PBXBuildFile; fileRef = A7DCD3B1290EFBBD0028DD3B /* main.cpp */; };
/* End PBXBuildFile section */

/* Begin PBXCopyFilesBuildPhase section */
		A7DCD3AC290EFBBD0028DD3B /* CopyFiles */ = {
			isa = PBXCopyFilesBuildPhase;
			buildActionMask = 2147483647;
			dstPath = /usr/share/man/man1/;
			dstSubfolderSpec = 0;
			files = (
			);
			runOnlyForDeploymentPostprocessing = 1;
		};
/* End PBXCopyFilesBuildPhase section */

/* Begin PBXFileReference section */
		A7DCD3AE290EFBBD0028DD3B /* Isometric_tiles */ = {isa = PBXFileReference; explicitFileType = "compiled.mach-o.executable"; includeInIndex = 0; path = Isometric_tiles; sourceTree = BUILT_PRODUCTS_DIR; };
		A7DCD3B1290EFBBD0028DD3B /* main.cpp */ = {isa = PBXFileReference; lastKnownFileType = sourcecode.cpp.cpp; path = main.cpp; sourceTree = "<group>"; };
		A7DCD3B3290EFBBD0028DD3B /* olcPixelGameEngine.h */ = {isa = PBXFileReference; lastKnownFileType = sourcecode.c.h; path = olcPixelGameEngine.h; sourceTree = "<group>"; };
		A7DCD3B9290EFBC50028DD3B /* Isometric_tiles.entitlements */ = {isa = PBXFileReference; lastKnownFileType = text.plist.entitlements; path = Isometric_tiles.entitlements; sourceTree = "<group>"; };
		A7DCD3BA290EFF140028DD3B /* isometric_demo.png */ = {isa = PBXFileReference; lastKnownFileType = image.png; path = isometric_demo.png; sourceTree = "<group>"; };
/* End PBXFileReference section */

/* Begin PBXFrameworksBuildPhase section */
		A7DCD3AB290EFBBD0028DD3B /* Frameworks */ = {
			isa = PBXFrameworksBuildPhase;
			buildActionMask = 2147483647;
			files = (
			);
			runOnlyForDeploymentPostprocessing = 0;
		};
/* End PBXFrameworksBuildPhase section */

/* Begin PBXGroup section */
		A7DCD3A5290EFBBD0028DD3B = {
			isa = PBXGroup;
			children = (
				A7DCD3B0290EFBBD0028DD3B /* Isometric_tiles */,
				A7DCD3AF290EFBBD0028DD3B /* Products */,
			);
			sourceTree = "<group>";
		};
		A7DCD3AF290EFBBD0028DD3B /* Products */ = {
			isa = PBXGroup;
			children = (
				A7DCD3AE290EFBBD0028DD3B /* Isometric_tiles */,
			);
			name = Products;
			sourceTree = "<group>";
		};
		A7DCD3B0290EFBBD0028DD3B /* Isometric_tiles */ = {
			isa = PBXGroup;
			children = (
				A7DCD3B9290EFBC50028DD3B /* Isometric_tiles.entitlements */,
				A7DCD3B1290EFBBD0028DD3B /* main.cpp */,
				A7DCD3B3290EFBBD0028DD3B /* olcPixelGameEngine.h */,
				A7DCD3BA290EFF140028DD3B /* isometric_demo.png */,
			);
			path = Isometric_tiles;
			sourceTree = "<group>";
		};
/* End PBXGroup section */

/* Begin PBXNativeTarget section */
		A7DCD3AD290EFBBD0028DD3B /* Isometric_tiles */ = {
			isa = PBXNativeTarget;
			buildConfigurationList = A7DCD3B6290EFBBD0028DD3B /* Build configuration list for PBXNativeTarget "Isometric_tiles" */;
			buildPhases = (
				A7DCD3AA290EFBBD0028DD3B /* Sources */,
				A7DCD3AB290EFBBD0028DD3B /* Frameworks */,
				A7DCD3AC290EFBBD0028DD3B /* CopyFiles */,
			);
			buildRules = (
			);
			dependencies = (
			);
			name = Isometric_tiles;
			productName = Isometric_tiles;
			productReference = A7DCD3AE290EFBBD0028DD3B /* Isometric_tiles */;
			productType = "com.apple.product-type.tool";
		};
/* End PBXNativeTarget section */

/* Begin PBXProject section */
		A7DCD3A6290EFBBD0028DD3B /* Project object */ = {
			isa = PBXProject;
			attributes = {
				BuildIndependentTargetsInParallel = 1;
				LastUpgradeCheck = 1400;
				TargetAttributes = {
					A7DCD3AD290EFBBD0028DD3B = {
						CreatedOnToolsVersion = 14.0.1;
					};
				};
			};
			buildConfigurationList = A7DCD3A9290EFBBD0028DD3B /* Build configuration list for PBXProject "Isometric_tiles" */;
			compatibilityVersion = "Xcode 14.0";
			developmentRegion = en;
			hasScannedForEncodings = 0;
			knownRegions = (
				en,
				Base,
			);
			mainGroup = A7DCD3A5290EFBBD0028DD3B;
			productRefGroup = A7DCD3AF290EFBBD0028DD3B /* Products */;
			projectDirPath = "";
			projectRoot = "";
			targets = (
				A7DCD3AD290EFBBD0028DD3B /* Isometric_tiles */,
			);
		};
/* End PBXProject section */

/* Begin PBXSourcesBuildPhase section */
		A7DCD3AA290EFBBD0028DD3B /* Sources */ = {
			isa = PBXSourcesBuildPhase;
			buildActionMask = 2147483647;
			files = (
				A7DCD3B2290EFBBD0028DD3B /* main.cpp in Sources */,
			);
			runOnlyForDeploymentPostprocessing = 0;
		};
/* End PBXSourcesBuildPhase section */

/* Begin XCBuildConfiguration section */
		A7DCD3B4290EFBBD0028DD3B /* Debug */ = {
			isa = XCBuildConfiguration;
			buildSettings = {
				ALWAYS_SEARCH_USER_PATHS = NO;
				CLANG_ANALYZER_NONNULL = YES;
				CLANG_ANALYZER_NUMBER_OBJECT_CONVERSION = YES_AGGRESSIVE;
				CLANG_CXX_LANGUAGE_STANDARD = "gnu++20";
				CLANG_ENABLE_MODULES = YES;
				CLANG_ENABLE_OBJC_ARC = YES;
				CLANG_ENABLE_OBJC_WEAK = YES;
				CLANG_WARN_BLOCK_CAPTURE_AUTORELEASING = YES;
				CLANG_WARN_BOOL_CONVERSION = YES;
				CLANG_WARN_COMMA = YES;
				CLANG_WARN_CONSTANT_CONVERSION = YES;
				CLANG_WARN_DEPRECATED_OBJC_IMPLEMENTATIONS = YES;
				CLANG_WARN_DIRECT_OBJC_ISA_USAGE = YES_ERROR;
				CLANG_WARN_DOCUMENTATION_COMMENTS = YES;
				CLANG_WARN_EMPTY_BODY = YES;
				CLANG_WARN_ENUM_CONVERSION = YES;
				CLANG_WARN_INFINITE_RECURSION = YES;
				CLANG_WARN_INT_CONVERSION = YES;
				CLANG_WARN_NON_LITERAL_NULL_CONVERSION = YES;
				CLANG_WARN_OBJC_IMPLICIT_RETAIN_SELF = YES;
				CLANG_WARN_OBJC_LITERAL_CONVERSION = YES;
				CLANG_WARN_OBJC_ROOT_CLASS = YES_ERROR;
				CLANG_WARN_QUOTED_INCLUDE_IN_FRAMEWORK_HEADER = YES;
				CLANG_WARN_RANGE_LOOP_ANALYSIS = YES;
				CLANG_WARN_STRICT_PROTOTYPES = YES;
				CLANG_WARN_SUSPICIOUS_MOVE = YES;
				CLANG_WARN_UNGUARDED_AVAILABILITY = YES_AGGRESSIVE;
				CLANG_WARN_UNREACHABLE_CODE = YES;
				CLANG_WARN__DUPLICATE_METHOD_MATCH = YES;
				COPY_PHASE_STRIP = NO;
				DEBUG_INFORMATION_FORMAT = dwarf;
				ENABLE_STRICT_OBJC_MSGSEND = YES;
				ENABLE_TESTABILITY = YES;
				GCC_C_LANGUAGE_STANDARD = gnu11;
				GCC_DYNAMIC_NO_PIC = NO;
				GCC_NO_COMMON_BLOCKS = YES;
				GCC_OPTIMIZATION_LEVEL = 0;
				GCC_PREPROCESSOR_DEFINITIONS = (
					"DEBUG=1",
					"$(inherited)",
				);
				GCC_WARN_64_TO_32_BIT_CONVERSION = YES;
				GCC_WARN_ABOUT_DEPRECATED_FUNCTIONS = NO;
				GCC_WARN_ABOUT_RETURN_TYPE = YES_ERROR;
				GCC_WARN_UNDECLARED_SELECTOR = YES;
				GCC_WARN_UNINITIALIZED_AUTOS = YES_AGGRESSIVE;
				GCC_WARN_UNUSED_FUNCTION = YES;
				GCC_WARN_UNUSED_VARIABLE = YES;
				LIBRARY_SEARCH_PATHS = "$(SRCROOT)/$(PRODUCT_NAME)";
				MACOSX_DEPLOYMENT_TARGET = 12.3;
				MTL_ENABLE_DEBUG_INFO = INCLUDE_SOURCE;
				MTL_FAST_MATH = YES;
				ONLY_ACTIVE_ARCH = YES;
				OTHER_CPLUSPLUSFLAGS = "-I/usr/local/include";
				OTHER_LDFLAGS = (
					"-L./",
					"-L/usr/local/lib",
					"-framework",
					OpenGL,
					"-framework",
					GLUT,
					"-framework",
					Carbon,
					"-lpng",
				);
				SDKROOT = macosx;
			};
			name = Debug;
		};
		A7DCD3B5290EFBBD0028DD3B /* Release */ = {
			isa = XCBuildConfiguration;
			buildSettings = {
				ALWAYS_SEARCH_USER_PATHS = NO;
				CLANG_ANALYZER_NONNULL = YES;
				CLANG_ANALYZER_NUMBER_OBJECT_CONVERSION = YES_AGGRESSIVE;
				CLANG_CXX_LANGUAGE_STANDARD = "gnu++20";
				CLANG_ENABLE_MODULES = YES;
				CLANG_ENABLE_OBJC_ARC = YES;
				CLANG_ENABLE_OBJC_WEAK = YES;
				CLANG_WARN_BLOCK_CAPTURE_AUTORELEASING = YES;
				CLANG_WARN_BOOL_CONVERSION = YES;
				CLANG_WARN_COMMA = YES;
				CLANG_WARN_CONSTANT_CONVERSION = YES;
				CLANG_WARN_DEPRECATED_OBJC_IMPLEMENTATIONS = YES;
				CLANG_WARN_DIRECT_OBJC_ISA_USAGE = YES_ERROR;
				CLANG_WARN_DOCUMENTATION_COMMENTS = YES;
				CLANG_WARN_EMPTY_BODY = YES;
				CLANG_WARN_ENUM_CONVERSION = YES;
				CLANG_WARN_INFINITE_RECURSION = YES;
				CLANG_WARN_INT_CONVERSION = YES;
				CLANG_WARN_NON_LITERAL_NULL_CONVERSION = YES;
				CLANG_WARN_OBJC_IMPLICIT_RETAIN_SELF = YES;
				CLANG_WARN_OBJC_LITERAL_CONVERSION = YES;
				CLANG_WARN_OBJC_ROOT_CLASS = YES_ERROR;
				CLANG_WARN_QUOTED_INCLUDE_IN_FRAMEWORK_HEADER = YES;
				CLANG_WARN_RANGE_LOOP_ANALYSIS = YES;
				CLANG_WARN_STRICT_PROTOTYPES = YES;
				CLANG_WARN_SUSPICIOUS_MOVE = YES;
				CLANG_WARN_UNGUARDED_AVAILABILITY = YES_AGGRESSIVE;
				CLANG_WARN_UNREACHABLE_CODE = YES;
				CLANG_WARN__DUPLICATE_METHOD_MATCH = YES;
				COPY_PHASE_STRIP = NO;
				DEBUG_INFORMATION_FORMAT = "dwarf-with-dsym";
				ENABLE_NS_ASSERTIONS = NO;
				ENABLE_STRICT_OBJC_MSGSEND = YES;
				GCC_C_LANGUAGE_STANDARD = gnu11;
				GCC_NO_COMMON_BLOCKS = YES;
				GCC_WARN_64_TO_32_BIT_CONVERSION = YES;
				GCC_WARN_ABOUT_DEPRECATED_FUNCTIONS = NO;
				GCC_WARN_ABOUT_RETURN_TYPE = YES_ERROR;
				GCC_WARN_UNDECLARED_SELECTOR = YES;
				GCC_WARN_UNINITIALIZED_AUTOS = YES_AGGRESSIVE;
				GCC_WARN_UNUSED_FUNCTION = YES;
				GCC_WARN_UNUSED_VARIABLE = YES;
				LIBRARY_SEARCH_PATHS = "$(SRCROOT)/$(PRODUCT_NAME)";
				MACOSX_DEPLOYMENT_TARGET = 12.3;
				MTL_ENABLE_DEBUG_INFO = NO;
				MTL_FAST_MATH = YES;
				OTHER_CPLUSPLUSFLAGS = "-I/usr/local/include";
				OTHER_LDFLAGS = (
					"-L./",
					"-L/usr/local/lib",
					"-framework",
					OpenGL,
					"-framework",
					GLUT,
					"-framework",
					Carbon,
					"-lpng",
				);
				SDKROOT = macosx;
			};
			name = Release;
		};
		A7DCD3B7290EFBBD0028DD3B /* Debug */ = {
			isa = XCBuildConfiguration;
			buildSettings = {
				CODE_SIGN_ENTITLEMENTS = Isometric_tiles/Isometric_tiles.entitlements;
				CODE_SIGN_STYLE = Automatic;
				DEVELOPMENT_TEAM = 37PPCZ7B59;
				ENABLE_HARDENED_RUNTIME = YES;
				PRODUCT_NAME = "$(TARGET_NAME)";
			};
			name = Debug;
		};
		A7DCD3B8290EFBBD0028DD3B /* Release */ = {
			isa = XCBuildConfiguration;
			buildSettings = {
				CODE_SIGN_ENTITLEMENTS = Isometric_tiles/Isometric_tiles.entitlements;
				CODE_SIGN_STYLE = Automatic;
				DEVELOPMENT_TEAM = 37PPCZ7B59;
				ENABLE_HARDENED_RUNTIME = YES;
				PRODUCT_NAME = "$(TARGET_NAME)";
			};
			name = Release;
		};
/* End XCBuildConfiguration section */

/* Begin XCConfigurationList section */
		A7DCD3A9290EFBBD0028DD3B /* Build configuration list for PBXProject "Isometric_tiles" */ = {
			isa = XCConfigurationList;
			buildConfigurations = (
				A7DCD3B4290EFBBD0028DD3B /* Debug */,
				A7DCD3B5290EFBBD0028DD3B /* Release */,
			);
			defaultConfigurationIsVisible = 0;
			defaultConfigurationName = Release;
		};
		A7DCD3B6290EFBBD0028DD3B /* Build configuration list for PBXNativeTarget "Isometric_tiles" */ = {
			isa = XCConfigurationList;
			buildConfigurations = (
				A7DCD3B7290EFBBD0028DD3B /* Debug */,
				A7DCD3B8290EFBBD0028DD3B /* Release */,
			);
			defaultConfigurationIsVisible = 0;
			defaultConfigurationName = Release;
		};
/* End XCConfigurationList section */
	};
	rootObject = A7DCD3A6290EFBBD0028DD3B /* Project object */;
}
